
Microsoft Visual Studio Solution File, Format Version 12.00
Project("{2150E333-8FDC-42A3-9474-1A3956D46DE8}") = "src", "src", "{811B56B6-36F3-48A9-8C6F-2256BCF07DCA}"
EndProject
Project("{FAE04EC0-301F-11D3-BF4B-00C04F79EFBC}") = "Web", "Web\Web.csproj", "{8782769D-9661-4074-A5A0-974769367E19}"
EndProject
Project("{FAE04EC0-301F-11D3-BF4B-00C04F79EFBC}") = "Application", "Application\Application.csproj", "{5915926B-54D7-4DB4-A72E-98B775EA6277}"
EndProject
Project("{FAE04EC0-301F-11D3-BF4B-00C04F79EFBC}") = "Domain", "Domain\Domain.csproj", "{8D2E2D53-EB51-4AB2-A94A-1492A17F2B64}"
EndProject
Project("{FAE04EC0-301F-11D3-BF4B-00C04F79EFBC}") = "Persistence", "Persistence\Persistence.csproj", "{3B3E66C7-DD81-4E33-BBEB-763E320BA3B3}"
EndProject
Project("{FAE04EC0-301F-11D3-BF4B-00C04F79EFBC}") = "Infra", "Infra\Infra.csproj", "{3A945DAB-83D5-4D12-914D-964BD5EBF6B2}"
EndProject
Project("{2150E333-8FDC-42A3-9474-1A3956D46DE8}") = "tests", "tests", "{8E8DC5DF-6FF3-4E46-B48D-D9DFC0E7C9FB}"
EndProject
Project("{FAE04EC0-301F-11D3-BF4B-00C04F79EFBC}") = "UnitTests", "UnitTests\UnitTests.csproj", "{42A156B5-056E-4BF9-8209-3F48CB7EDA3A}"
EndProject
Project("{FAE04EC0-301F-11D3-BF4B-00C04F79EFBC}") = "IntegrationTests", "IntegrationTests\IntegrationTests.csproj", "{19FB2459-0778-4879-B6D6-6E865B0F1EC9}"
EndProject
Project("{2150E333-8FDC-42A3-9474-1A3956D46DE8}") = "Solution Items", "Solution Items", "{22B07FD2-DDEA-4526-B698-0D93E3B3D270}"
	ProjectSection(SolutionItems) = preProject
		docker-compose.yml = docker-compose.yml
	EndProjectSection
EndProject
Global
	GlobalSection(SolutionConfigurationPlatforms) = preSolution
		Debug|Any CPU = Debug|Any CPU
		Release|Any CPU = Release|Any CPU
	EndGlobalSection
	GlobalSection(NestedProjects) = preSolution
		{8782769D-9661-4074-A5A0-974769367E19} = {811B56B6-36F3-48A9-8C6F-2256BCF07DCA}
		{5915926B-54D7-4DB4-A72E-98B775EA6277} = {811B56B6-36F3-48A9-8C6F-2256BCF07DCA}
		{8D2E2D53-EB51-4AB2-A94A-1492A17F2B64} = {811B56B6-36F3-48A9-8C6F-2256BCF07DCA}
		{3B3E66C7-DD81-4E33-BBEB-763E320BA3B3} = {811B56B6-36F3-48A9-8C6F-2256BCF07DCA}
		{3A945DAB-83D5-4D12-914D-964BD5EBF6B2} = {811B56B6-36F3-48A9-8C6F-2256BCF07DCA}
		{42A156B5-056E-4BF9-8209-3F48CB7EDA3A} = {8E8DC5DF-6FF3-4E46-B48D-D9DFC0E7C9FB}
		{19FB2459-0778-4879-B6D6-6E865B0F1EC9} = {8E8DC5DF-6FF3-4E46-B48D-D9DFC0E7C9FB}
	EndGlobalSection
	GlobalSection(ProjectConfigurationPlatforms) = postSolution
		{8782769D-9661-4074-A5A0-974769367E19}.Debug|Any CPU.ActiveCfg = Debug|Any CPU
		{8782769D-9661-4074-A5A0-974769367E19}.Debug|Any CPU.Build.0 = Debug|Any CPU
		{8782769D-9661-4074-A5A0-974769367E19}.Release|Any CPU.ActiveCfg = Release|Any CPU
		{8782769D-9661-4074-A5A0-974769367E19}.Release|Any CPU.Build.0 = Release|Any CPU
		{5915926B-54D7-4DB4-A72E-98B775EA6277}.Debug|Any CPU.ActiveCfg = Debug|Any CPU
		{5915926B-54D7-4DB4-A72E-98B775EA6277}.Debug|Any CPU.Build.0 = Debug|Any CPU
		{5915926B-54D7-4DB4-A72E-98B775EA6277}.Release|Any CPU.ActiveCfg = Release|Any CPU
		{5915926B-54D7-4DB4-A72E-98B775EA6277}.Release|Any CPU.Build.0 = Release|Any CPU
		{8D2E2D53-EB51-4AB2-A94A-1492A17F2B64}.Debug|Any CPU.ActiveCfg = Debug|Any CPU
		{8D2E2D53-EB51-4AB2-A94A-1492A17F2B64}.Debug|Any CPU.Build.0 = Debug|Any CPU
		{8D2E2D53-EB51-4AB2-A94A-1492A17F2B64}.Release|Any CPU.ActiveCfg = Release|Any CPU
		{8D2E2D53-EB51-4AB2-A94A-1492A17F2B64}.Release|Any CPU.Build.0 = Release|Any CPU
		{3B3E66C7-DD81-4E33-BBEB-763E320BA3B3}.Debug|Any CPU.ActiveCfg = Debug|Any CPU
		{3B3E66C7-DD81-4E33-BBEB-763E320BA3B3}.Debug|Any CPU.Build.0 = Debug|Any CPU
		{3B3E66C7-DD81-4E33-BBEB-763E320BA3B3}.Release|Any CPU.ActiveCfg = Release|Any CPU
		{3B3E66C7-DD81-4E33-BBEB-763E320BA3B3}.Release|Any CPU.Build.0 = Release|Any CPU
		{3A945DAB-83D5-4D12-914D-964BD5EBF6B2}.Debug|Any CPU.ActiveCfg = Debug|Any CPU
		{3A945DAB-83D5-4D12-914D-964BD5EBF6B2}.Debug|Any CPU.Build.0 = Debug|Any CPU
		{3A945DAB-83D5-4D12-914D-964BD5EBF6B2}.Release|Any CPU.ActiveCfg = Release|Any CPU
		{3A945DAB-83D5-4D12-914D-964BD5EBF6B2}.Release|Any CPU.Build.0 = Release|Any CPU
		{42A156B5-056E-4BF9-8209-3F48CB7EDA3A}.Debug|Any CPU.ActiveCfg = Debug|Any CPU
		{42A156B5-056E-4BF9-8209-3F48CB7EDA3A}.Debug|Any CPU.Build.0 = Debug|Any CPU
		{42A156B5-056E-4BF9-8209-3F48CB7EDA3A}.Release|Any CPU.ActiveCfg = Release|Any CPU
		{42A156B5-056E-4BF9-8209-3F48CB7EDA3A}.Release|Any CPU.Build.0 = Release|Any CPU
		{19FB2459-0778-4879-B6D6-6E865B0F1EC9}.Debug|Any CPU.ActiveCfg = Debug|Any CPU
		{19FB2459-0778-4879-B6D6-6E865B0F1EC9}.Debug|Any CPU.Build.0 = Debug|Any CPU
		{19FB2459-0778-4879-B6D6-6E865B0F1EC9}.Release|Any CPU.ActiveCfg = Release|Any CPU
		{19FB2459-0778-4879-B6D6-6E865B0F1EC9}.Release|Any CPU.Build.0 = Release|Any CPU
	EndGlobalSection
EndGlobal
